
Microsoft Visual Studio Solution File, Format Version 12.00
# Visual Studio Version 16
VisualStudioVersion = 16.0.30626.31
MinimumVisualStudioVersion = 10.0.40219.1
Project("{9A19103F-16F7-4668-BE54-9A1E7A4F7556}") = "SomeDb", "SomeDb.csproj", "{F963FBE0-4B03-4E02-BB31-76D67D1605B6}"
EndProject
Global
	GlobalSection(SolutionConfigurationPlatforms) = preSolution
		Debug|Any CPU = Debug|Any CPU
		Release|Any CPU = Release|Any CPU
	EndGlobalSection
	GlobalSection(ProjectConfigurationPlatforms) = postSolution
		{F963FBE0-4B03-4E02-BB31-76D67D1605B6}.Debug|Any CPU.ActiveCfg = Debug|Any CPU
		{F963FBE0-4B03-4E02-BB31-76D67D1605B6}.Debug|Any CPU.Build.0 = Debug|Any CPU
		{F963FBE0-4B03-4E02-BB31-76D67D1605B6}.Release|Any CPU.ActiveCfg = Release|Any CPU
		{F963FBE0-4B03-4E02-BB31-76D67D1605B6}.Release|Any CPU.Build.0 = Release|Any CPU
	EndGlobalSection
	GlobalSection(SolutionProperties) = preSolution
		HideSolutionNode = FALSE
	EndGlobalSection
	GlobalSection(ExtensibilityGlobals) = postSolution
		SolutionGuid = {5ECA01B5-7099-42F4-8D14-61C3A67803E1}
	EndGlobalSection
EndGlobal
